
Microsoft Visual Studio Solution File, Format Version 12.00
# Visual Studio Version 16
VisualStudioVersion = 16.0.29306.81
MinimumVisualStudioVersion = 10.0.40219.1
Project("{FAE04EC0-301F-11D3-BF4B-00C04F79EFBC}") = "Die ersten Versuche", "Die ersten Versuche\Die ersten Versuche.csproj", "{8C80BFBB-B190-4B55-94A7-76425CDFDD98}"
EndProject
Global
	GlobalSection(SolutionConfigurationPlatforms) = preSolution
		Debug|Any CPU = Debug|Any CPU
		Release|Any CPU = Release|Any CPU
	EndGlobalSection
	GlobalSection(ProjectConfigurationPlatforms) = postSolution
		{8C80BFBB-B190-4B55-94A7-76425CDFDD98}.Debug|Any CPU.ActiveCfg = Debug|Any CPU
		{8C80BFBB-B190-4B55-94A7-76425CDFDD98}.Debug|Any CPU.Build.0 = Debug|Any CPU
		{8C80BFBB-B190-4B55-94A7-76425CDFDD98}.Release|Any CPU.ActiveCfg = Release|Any CPU
		{8C80BFBB-B190-4B55-94A7-76425CDFDD98}.Release|Any CPU.Build.0 = Release|Any CPU
	EndGlobalSection
	GlobalSection(SolutionProperties) = preSolution
		HideSolutionNode = FALSE
	EndGlobalSection
	GlobalSection(ExtensibilityGlobals) = postSolution
		SolutionGuid = {1B7BCC8F-8F76-439B-929F-40ACDD48386B}
	EndGlobalSection
EndGlobal
